
Microsoft Visual Studio Solution File, Format Version 12.00
# Visual Studio 15
VisualStudioVersion = 15.0.26228.98
MinimumVisualStudioVersion = 10.0.40219.1
Project("{FAE04EC0-301F-11D3-BF4B-00C04F79EFBC}") = "webtestapplication", "webtestapplication\webtestapplication.csproj", "{04A7B94B-3971-4365-A19F-C701951CF405}"
EndProject
Global
	GlobalSection(SolutionConfigurationPlatforms) = preSolution
		Debug|Any CPU = Debug|Any CPU
		Release|Any CPU = Release|Any CPU
	EndGlobalSection
	GlobalSection(ProjectConfigurationPlatforms) = postSolution
		{04A7B94B-3971-4365-A19F-C701951CF405}.Debug|Any CPU.ActiveCfg = Debug|Any CPU
		{04A7B94B-3971-4365-A19F-C701951CF405}.Debug|Any CPU.Build.0 = Debug|Any CPU
		{04A7B94B-3971-4365-A19F-C701951CF405}.Release|Any CPU.ActiveCfg = Release|Any CPU
		{04A7B94B-3971-4365-A19F-C701951CF405}.Release|Any CPU.Build.0 = Release|Any CPU
	EndGlobalSection
	GlobalSection(SolutionProperties) = preSolution
		HideSolutionNode = FALSE
	EndGlobalSection
EndGlobal
